
Microsoft Visual Studio Solution File, Format Version 12.00
# Visual Studio Version 16
VisualStudioVersion = 16.0.29613.14
MinimumVisualStudioVersion = 10.0.40219.1
Project("{FAE04EC0-301F-11D3-BF4B-00C04F79EFBC}") = "Picture.Api", "Picture.Api\Picture.Api.csproj", "{747ABEEB-AE02-488A-8940-A4DE89C0208A}"
EndProject
Project("{FAE04EC0-301F-11D3-BF4B-00C04F79EFBC}") = "Picture.DAL", "Picture.DAL\Picture.DAL.csproj", "{F8CD1367-806A-4CF0-9F70-F70BE1698A3B}"
EndProject
Project("{FAE04EC0-301F-11D3-BF4B-00C04F79EFBC}") = "Picture.DAL Interface", "Picture.DAL Interface\Picture.DAL Interface.csproj", "{7610F523-F6FE-4BFA-A3B6-8376A0560672}"
EndProject
Project("{FAE04EC0-301F-11D3-BF4B-00C04F79EFBC}") = "Picture.BAL", "Picture.BAL\Picture.BAL.csproj", "{7DEBF2AA-DDCD-412C-9342-FD681B2D83B5}"
EndProject
Project("{FAE04EC0-301F-11D3-BF4B-00C04F79EFBC}") = "Picture.BAL Interface", "Picture.BAL Interface\Picture.BAL Interface.csproj", "{7B6082F1-C056-4928-A898-7EFD7D0DF7A8}"
EndProject
Project("{FAE04EC0-301F-11D3-BF4B-00C04F79EFBC}") = "Picture.Domain", "Picture.Domain\Picture.Domain.csproj", "{5CA545B8-A02A-4BD7-B974-3B337EB494DD}"
EndProject
Global
	GlobalSection(SolutionConfigurationPlatforms) = preSolution
		Debug|Any CPU = Debug|Any CPU
		Release|Any CPU = Release|Any CPU
	EndGlobalSection
	GlobalSection(ProjectConfigurationPlatforms) = postSolution
		{747ABEEB-AE02-488A-8940-A4DE89C0208A}.Debug|Any CPU.ActiveCfg = Debug|Any CPU
		{747ABEEB-AE02-488A-8940-A4DE89C0208A}.Debug|Any CPU.Build.0 = Debug|Any CPU
		{747ABEEB-AE02-488A-8940-A4DE89C0208A}.Release|Any CPU.ActiveCfg = Release|Any CPU
		{747ABEEB-AE02-488A-8940-A4DE89C0208A}.Release|Any CPU.Build.0 = Release|Any CPU
		{F8CD1367-806A-4CF0-9F70-F70BE1698A3B}.Debug|Any CPU.ActiveCfg = Debug|Any CPU
		{F8CD1367-806A-4CF0-9F70-F70BE1698A3B}.Debug|Any CPU.Build.0 = Debug|Any CPU
		{F8CD1367-806A-4CF0-9F70-F70BE1698A3B}.Release|Any CPU.ActiveCfg = Release|Any CPU
		{F8CD1367-806A-4CF0-9F70-F70BE1698A3B}.Release|Any CPU.Build.0 = Release|Any CPU
		{7610F523-F6FE-4BFA-A3B6-8376A0560672}.Debug|Any CPU.ActiveCfg = Debug|Any CPU
		{7610F523-F6FE-4BFA-A3B6-8376A0560672}.Debug|Any CPU.Build.0 = Debug|Any CPU
		{7610F523-F6FE-4BFA-A3B6-8376A0560672}.Release|Any CPU.ActiveCfg = Release|Any CPU
		{7610F523-F6FE-4BFA-A3B6-8376A0560672}.Release|Any CPU.Build.0 = Release|Any CPU
		{7DEBF2AA-DDCD-412C-9342-FD681B2D83B5}.Debug|Any CPU.ActiveCfg = Debug|Any CPU
		{7DEBF2AA-DDCD-412C-9342-FD681B2D83B5}.Debug|Any CPU.Build.0 = Debug|Any CPU
		{7DEBF2AA-DDCD-412C-9342-FD681B2D83B5}.Release|Any CPU.ActiveCfg = Release|Any CPU
		{7DEBF2AA-DDCD-412C-9342-FD681B2D83B5}.Release|Any CPU.Build.0 = Release|Any CPU
		{7B6082F1-C056-4928-A898-7EFD7D0DF7A8}.Debug|Any CPU.ActiveCfg = Debug|Any CPU
		{7B6082F1-C056-4928-A898-7EFD7D0DF7A8}.Debug|Any CPU.Build.0 = Debug|Any CPU
		{7B6082F1-C056-4928-A898-7EFD7D0DF7A8}.Release|Any CPU.ActiveCfg = Release|Any CPU
		{7B6082F1-C056-4928-A898-7EFD7D0DF7A8}.Release|Any CPU.Build.0 = Release|Any CPU
		{5CA545B8-A02A-4BD7-B974-3B337EB494DD}.Debug|Any CPU.ActiveCfg = Debug|Any CPU
		{5CA545B8-A02A-4BD7-B974-3B337EB494DD}.Debug|Any CPU.Build.0 = Debug|Any CPU
		{5CA545B8-A02A-4BD7-B974-3B337EB494DD}.Release|Any CPU.ActiveCfg = Release|Any CPU
		{5CA545B8-A02A-4BD7-B974-3B337EB494DD}.Release|Any CPU.Build.0 = Release|Any CPU
	EndGlobalSection
	GlobalSection(SolutionProperties) = preSolution
		HideSolutionNode = FALSE
	EndGlobalSection
	GlobalSection(ExtensibilityGlobals) = postSolution
		SolutionGuid = {F886B306-32CE-46B4-821B-368EEB462452}
	EndGlobalSection
EndGlobal
